
Microsoft Visual Studio Solution File, Format Version 12.00
# Visual Studio Version 17
VisualStudioVersion = 17.11.35312.102
MinimumVisualStudioVersion = 10.0.40219.1
Project("{C9674DCB-5085-4A16-B785-4C70DD1589BD}") = "KhoDL", "KhoDL.dtproj", "{187AC38A-D630-439A-9337-948F089D7D02}"
EndProject
Global
	GlobalSection(SolutionConfigurationPlatforms) = preSolution
		Development|Default = Development|Default
	EndGlobalSection
	GlobalSection(ProjectConfigurationPlatforms) = postSolution
		{187AC38A-D630-439A-9337-948F089D7D02}.Development|Default.ActiveCfg = Development
		{187AC38A-D630-439A-9337-948F089D7D02}.Development|Default.Build.0 = Development
	EndGlobalSection
	GlobalSection(SolutionProperties) = preSolution
		HideSolutionNode = FALSE
	EndGlobalSection
	GlobalSection(ExtensibilityGlobals) = postSolution
		SolutionGuid = {ED78DF43-D16D-405B-BE1E-E8F89BE4F716}
	EndGlobalSection
EndGlobal
